
Microsoft Visual Studio Solution File, Format Version 12.00
# Visual Studio Version 17
VisualStudioVersion = 17.13.35818.85
MinimumVisualStudioVersion = 10.0.40219.1
Project("{FAE04EC0-301F-11D3-BF4B-00C04F79EFBC}") = "SecureChat.Client", "SecureChat.Client\SecureChat.Client.csproj", "{FA9CB667-1989-4FB2-85A5-2EEBF15B783E}"
EndProject
Project("{FAE04EC0-301F-11D3-BF4B-00C04F79EFBC}") = "SecureChat.Server", "SecureChat.Server\SecureChat.Server.csproj", "{1969F58E-73BF-4EBF-A05C-CECC7057D823}"
EndProject
Project("{FAE04EC0-301F-11D3-BF4B-00C04F79EFBC}") = "SecureChat.Library", "SecureChat.Library\SecureChat.Library.csproj", "{DEAF30CB-B70D-4148-84FB-99A1E9AA9E0E}"
EndProject
Project("{2150E333-8FDC-42A3-9474-1A3956D46DE8}") = "Installers", "Installers", "{02EA681E-C7D8-13C7-8484-4AC65E1B71E8}"
	ProjectSection(SolutionItems) = preProject
		Installers\Installer.Client.iss = Installers\Installer.Client.iss
		Installers\Installer.Server.iss = Installers\Installer.Server.iss
	EndProjectSection
EndProject
Global
	GlobalSection(SolutionConfigurationPlatforms) = preSolution
		Debug|Any CPU = Debug|Any CPU
		Release|Any CPU = Release|Any CPU
	EndGlobalSection
	GlobalSection(ProjectConfigurationPlatforms) = postSolution
		{FA9CB667-1989-4FB2-85A5-2EEBF15B783E}.Debug|Any CPU.ActiveCfg = Debug|Any CPU
		{FA9CB667-1989-4FB2-85A5-2EEBF15B783E}.Debug|Any CPU.Build.0 = Debug|Any CPU
		{FA9CB667-1989-4FB2-85A5-2EEBF15B783E}.Release|Any CPU.ActiveCfg = Release|Any CPU
		{FA9CB667-1989-4FB2-85A5-2EEBF15B783E}.Release|Any CPU.Build.0 = Release|Any CPU
		{1969F58E-73BF-4EBF-A05C-CECC7057D823}.Debug|Any CPU.ActiveCfg = Debug|Any CPU
		{1969F58E-73BF-4EBF-A05C-CECC7057D823}.Debug|Any CPU.Build.0 = Debug|Any CPU
		{1969F58E-73BF-4EBF-A05C-CECC7057D823}.Release|Any CPU.ActiveCfg = Release|Any CPU
		{1969F58E-73BF-4EBF-A05C-CECC7057D823}.Release|Any CPU.Build.0 = Release|Any CPU
		{DEAF30CB-B70D-4148-84FB-99A1E9AA9E0E}.Debug|Any CPU.ActiveCfg = Debug|Any CPU
		{DEAF30CB-B70D-4148-84FB-99A1E9AA9E0E}.Debug|Any CPU.Build.0 = Debug|Any CPU
		{DEAF30CB-B70D-4148-84FB-99A1E9AA9E0E}.Release|Any CPU.ActiveCfg = Release|Any CPU
		{DEAF30CB-B70D-4148-84FB-99A1E9AA9E0E}.Release|Any CPU.Build.0 = Release|Any CPU
	EndGlobalSection
	GlobalSection(SolutionProperties) = preSolution
		HideSolutionNode = FALSE
	EndGlobalSection
	GlobalSection(ExtensibilityGlobals) = postSolution
		SolutionGuid = {44CB2F6B-2BB9-49AD-9343-C72A18B4A8E9}
	EndGlobalSection
EndGlobal
